// !$*UTF8*$!
{
	archiveVersion = 1;
	classes = {
	};
	objectVersion = 50;
	objects = {

/* Begin PBXBuildFile section */
		6ACFE3D923BDFE23006A60B3 /* AppDelegate.swift in Sources */ = {isa = PBXBuildFile; fileRef = 6ACFE3D823BDFE23006A60B3 /* AppDelegate.swift */; };
		6ACFE3DB23BDFE23006A60B3 /* ViewController.swift in Sources */ = {isa = PBXBuildFile; fileRef = 6ACFE3DA23BDFE23006A60B3 /* ViewController.swift */; };
		6ACFE3DD23BDFE25006A60B3 /* Assets.xcassets in Resources */ = {isa = PBXBuildFile; fileRef = 6ACFE3DC23BDFE25006A60B3 /* Assets.xcassets */; };
		6ACFE3E023BDFE25006A60B3 /* Main.storyboard in Resources */ = {isa = PBXBuildFile; fileRef = 6ACFE3DE23BDFE25006A60B3 /* Main.storyboard */; };
		6ACFE3F023BDFE7E006A60B3 /* Easy.framework in Frameworks */ = {isa = PBXBuildFile; fileRef = 6ACFE3EF23BDFE7E006A60B3 /* Easy.framework */; };
		6ACFE3F123BDFE7E006A60B3 /* Easy.framework in Embed Frameworks */ = {isa = PBXBuildFile; fileRef = 6ACFE3EF23BDFE7E006A60B3 /* Easy.framework */; settings = {ATTRIBUTES = (CodeSignOnCopy, RemoveHeadersOnCopy, ); }; };
/* End PBXBuildFile section */

/* Begin PBXCopyFilesBuildPhase section */
		6ACFE3F223BDFE7E006A60B3 /* Embed Frameworks */ = {
			isa = PBXCopyFilesBuildPhase;
			buildActionMask = 2147483647;
			dstPath = "";
			dstSubfolderSpec = 10;
			files = (
				6ACFE3F123BDFE7E006A60B3 /* Easy.framework in Embed Frameworks */,
			);
			name = "Embed Frameworks";
			runOnlyForDeploymentPostprocessing = 0;
		};
/* End PBXCopyFilesBuildPhase section */

/* Begin PBXFileReference section */
		6ACFE3D523BDFE23006A60B3 /* EasyTest.app */ = {isa = PBXFileReference; explicitFileType = wrapper.application; includeInIndex = 0; path = EasyTest.app; sourceTree = BUILT_PRODUCTS_DIR; };
		6ACFE3D823BDFE23006A60B3 /* AppDelegate.swift */ = {isa = PBXFileReference; lastKnownFileType = sourcecode.swift; path = AppDelegate.swift; sourceTree = "<group>"; };
		6ACFE3DA23BDFE23006A60B3 /* ViewController.swift */ = {isa = PBXFileReference; lastKnownFileType = sourcecode.swift; path = ViewController.swift; sourceTree = "<group>"; };
		6ACFE3DC23BDFE25006A60B3 /* Assets.xcassets */ = {isa = PBXFileReference; lastKnownFileType = folder.assetcatalog; path = Assets.xcassets; sourceTree = "<group>"; };
		6ACFE3DF23BDFE25006A60B3 /* Base */ = {isa = PBXFileReference; lastKnownFileType = file.storyboard; name = Base; path = Base.lproj/Main.storyboard; sourceTree = "<group>"; };
		6ACFE3E123BDFE25006A60B3 /* Info.plist */ = {isa = PBXFileReference; lastKnownFileType = text.plist.xml; path = Info.plist; sourceTree = "<group>"; };
		6ACFE3E223BDFE25006A60B3 /* EasyTest.entitlements */ = {isa = PBXFileReference; lastKnownFileType = text.plist.entitlements; path = EasyTest.entitlements; sourceTree = "<group>"; };
		6ACFE3EF23BDFE7E006A60B3 /* Easy.framework */ = {isa = PBXFileReference; explicitFileType = wrapper.framework; path = Easy.framework; sourceTree = BUILT_PRODUCTS_DIR; };
/* End PBXFileReference section */

/* Begin PBXFrameworksBuildPhase section */
		6ACFE3D223BDFE23006A60B3 /* Frameworks */ = {
			isa = PBXFrameworksBuildPhase;
			buildActionMask = 2147483647;
			files = (
				6ACFE3F023BDFE7E006A60B3 /* Easy.framework in Frameworks */,
			);
			runOnlyForDeploymentPostprocessing = 0;
		};
/* End PBXFrameworksBuildPhase section */

/* Begin PBXGroup section */
		6ACFE3CC23BDFE23006A60B3 = {
			isa = PBXGroup;
			children = (
				6ACFE3D723BDFE23006A60B3 /* EasyTest */,
				6ACFE3D623BDFE23006A60B3 /* Products */,
				6ACFE3EE23BDFE7E006A60B3 /* Frameworks */,
			);
			sourceTree = "<group>";
		};
		6ACFE3D623BDFE23006A60B3 /* Products */ = {
			isa = PBXGroup;
			children = (
				6ACFE3D523BDFE23006A60B3 /* EasyTest.app */,
			);
			name = Products;
			sourceTree = "<group>";
		};
		6ACFE3D723BDFE23006A60B3 /* EasyTest */ = {
			isa = PBXGroup;
			children = (
				6ACFE3D823BDFE23006A60B3 /* AppDelegate.swift */,
				6ACFE3DA23BDFE23006A60B3 /* ViewController.swift */,
				6ACFE3DC23BDFE25006A60B3 /* Assets.xcassets */,
				6ACFE3DE23BDFE25006A60B3 /* Main.storyboard */,
				6ACFE3E123BDFE25006A60B3 /* Info.plist */,
				6ACFE3E223BDFE25006A60B3 /* EasyTest.entitlements */,
			);
			path = EasyTest;
			sourceTree = "<group>";
		};
		6ACFE3EE23BDFE7E006A60B3 /* Frameworks */ = {
			isa = PBXGroup;
			children = (
				6ACFE3EF23BDFE7E006A60B3 /* Easy.framework */,
			);
			name = Frameworks;
			sourceTree = "<group>";
		};
/* End PBXGroup section */

/* Begin PBXNativeTarget section */
		6ACFE3D423BDFE23006A60B3 /* EasyTest */ = {
			isa = PBXNativeTarget;
			buildConfigurationList = 6ACFE3E523BDFE25006A60B3 /* Build configuration list for PBXNativeTarget "EasyTest" */;
			buildPhases = (
				6ACFE3D123BDFE23006A60B3 /* Sources */,
				6ACFE3D223BDFE23006A60B3 /* Frameworks */,
				6ACFE3D323BDFE23006A60B3 /* Resources */,
				6ACFE3F223BDFE7E006A60B3 /* Embed Frameworks */,
			);
			buildRules = (
			);
			dependencies = (
			);
			name = EasyTest;
			productName = EasyTest;
			productReference = 6ACFE3D523BDFE23006A60B3 /* EasyTest.app */;
			productType = "com.apple.product-type.application";
		};
/* End PBXNativeTarget section */

/* Begin PBXProject section */
		6ACFE3CD23BDFE23006A60B3 /* Project object */ = {
			isa = PBXProject;
			attributes = {
				LastSwiftUpdateCheck = 1130;
				LastUpgradeCheck = 1130;
				ORGANIZATIONNAME = Ekko;
				TargetAttributes = {
					6ACFE3D423BDFE23006A60B3 = {
						CreatedOnToolsVersion = 11.3;
					};
				};
			};
			buildConfigurationList = 6ACFE3D023BDFE23006A60B3 /* Build configuration list for PBXProject "EasyTest" */;
			compatibilityVersion = "Xcode 9.3";
			developmentRegion = en;
			hasScannedForEncodings = 0;
			knownRegions = (
				en,
				Base,
			);
			mainGroup = 6ACFE3CC23BDFE23006A60B3;
			productRefGroup = 6ACFE3D623BDFE23006A60B3 /* Products */;
			projectDirPath = "";
			projectRoot = "";
			targets = (
				6ACFE3D423BDFE23006A60B3 /* EasyTest */,
			);
		};
/* End PBXProject section */

/* Begin PBXResourcesBuildPhase section */
		6ACFE3D323BDFE23006A60B3 /* Resources */ = {
			isa = PBXResourcesBuildPhase;
			buildActionMask = 2147483647;
			files = (
				6ACFE3DD23BDFE25006A60B3 /* Assets.xcassets in Resources */,
				6ACFE3E023BDFE25006A60B3 /* Main.storyboard in Resources */,
			);
			runOnlyForDeploymentPostprocessing = 0;
		};
/* End PBXResourcesBuildPhase section */

/* Begin PBXSourcesBuildPhase section */
		6ACFE3D123BDFE23006A60B3 /* Sources */ = {
			isa = PBXSourcesBuildPhase;
			buildActionMask = 2147483647;
			files = (
				6ACFE3DB23BDFE23006A60B3 /* ViewController.swift in Sources */,
				6ACFE3D923BDFE23006A60B3 /* AppDelegate.swift in Sources */,
			);
			runOnlyForDeploymentPostprocessing = 0;
		};
/* End PBXSourcesBuildPhase section */

/* Begin PBXVariantGroup section */
		6ACFE3DE23BDFE25006A60B3 /* Main.storyboard */ = {
			isa = PBXVariantGroup;
			children = (
				6ACFE3DF23BDFE25006A60B3 /* Base */,
			);
			name = Main.storyboard;
			sourceTree = "<group>";
		};
/* End PBXVariantGroup section */

/* Begin XCBuildConfiguration section */
		6ACFE3E323BDFE25006A60B3 /* Debug */ = {
			isa = XCBuildConfiguration;
			buildSettings = {
				ALWAYS_SEARCH_USER_PATHS = NO;
				CLANG_ANALYZER_NONNULL = YES;
				CLANG_ANALYZER_NUMBER_OBJECT_CONVERSION = YES_AGGRESSIVE;
				CLANG_CXX_LANGUAGE_STANDARD = "gnu++14";
				CLANG_CXX_LIBRARY = "libc++";
				CLANG_ENABLE_MODULES = YES;
				CLANG_ENABLE_OBJC_ARC = YES;
				CLANG_ENABLE_OBJC_WEAK = YES;
				CLANG_WARN_BLOCK_CAPTURE_AUTORELEASING = YES;
				CLANG_WARN_BOOL_CONVERSION = YES;
				CLANG_WARN_COMMA = YES;
				CLANG_WARN_CONSTANT_CONVERSION = YES;
				CLANG_WARN_DEPRECATED_OBJC_IMPLEMENTATIONS = YES;
				CLANG_WARN_DIRECT_OBJC_ISA_USAGE = YES_ERROR;
				CLANG_WARN_DOCUMENTATION_COMMENTS = YES;
				CLANG_WARN_EMPTY_BODY = YES;
				CLANG_WARN_ENUM_CONVERSION = YES;
				CLANG_WARN_INFINITE_RECURSION = YES;
				CLANG_WARN_INT_CONVERSION = YES;
				CLANG_WARN_NON_LITERAL_NULL_CONVERSION = YES;
				CLANG_WARN_OBJC_IMPLICIT_RETAIN_SELF = YES;
				CLANG_WARN_OBJC_LITERAL_CONVERSION = YES;
				CLANG_WARN_OBJC_ROOT_CLASS = YES_ERROR;
				CLANG_WARN_RANGE_LOOP_ANALYSIS = YES;
				CLANG_WARN_STRICT_PROTOTYPES = YES;
				CLANG_WARN_SUSPICIOUS_MOVE = YES;
				CLANG_WARN_UNGUARDED_AVAILABILITY = YES_AGGRESSIVE;
				CLANG_WARN_UNREACHABLE_CODE = YES;
				CLANG_WARN__DUPLICATE_METHOD_MATCH = YES;
				COPY_PHASE_STRIP = NO;
				DEBUG_INFORMATION_FORMAT = dwarf;
				ENABLE_STRICT_OBJC_MSGSEND = YES;
				ENABLE_TESTABILITY = YES;
				GCC_C_LANGUAGE_STANDARD = gnu11;
				GCC_DYNAMIC_NO_PIC = NO;
				GCC_NO_COMMON_BLOCKS = YES;
				GCC_OPTIMIZATION_LEVEL = 0;
				GCC_PREPROCESSOR_DEFINITIONS = (
					"DEBUG=1",
					"$(inherited)",
				);
				GCC_WARN_64_TO_32_BIT_CONVERSION = YES;
				GCC_WARN_ABOUT_RETURN_TYPE = YES_ERROR;
				GCC_WARN_UNDECLARED_SELECTOR = YES;
				GCC_WARN_UNINITIALIZED_AUTOS = YES_AGGRESSIVE;
				GCC_WARN_UNUSED_FUNCTION = YES;
				GCC_WARN_UNUSED_VARIABLE = YES;
				MACOSX_DEPLOYMENT_TARGET = 10.15;
				MTL_ENABLE_DEBUG_INFO = INCLUDE_SOURCE;
				MTL_FAST_MATH = YES;
				ONLY_ACTIVE_ARCH = YES;
				SDKROOT = macosx;
				SWIFT_ACTIVE_COMPILATION_CONDITIONS = DEBUG;
				SWIFT_OPTIMIZATION_LEVEL = "-Onone";
			};
			name = Debug;
		};
		6ACFE3E423BDFE25006A60B3 /* Release */ = {
			isa = XCBuildConfiguration;
			buildSettings = {
				ALWAYS_SEARCH_USER_PATHS = NO;
				CLANG_ANALYZER_NONNULL = YES;
				CLANG_ANALYZER_NUMBER_OBJECT_CONVERSION = YES_AGGRESSIVE;
				CLANG_CXX_LANGUAGE_STANDARD = "gnu++14";
				CLANG_CXX_LIBRARY = "libc++";
				CLANG_ENABLE_MODULES = YES;
				CLANG_ENABLE_OBJC_ARC = YES;
				CLANG_ENABLE_OBJC_WEAK = YES;
				CLANG_WARN_BLOCK_CAPTURE_AUTORELEASING = YES;
				CLANG_WARN_BOOL_CONVERSION = YES;
				CLANG_WARN_COMMA = YES;
				CLANG_WARN_CONSTANT_CONVERSION = YES;
				CLANG_WARN_DEPRECATED_OBJC_IMPLEMENTATIONS = YES;
				CLANG_WARN_DIRECT_OBJC_ISA_USAGE = YES_ERROR;
				CLANG_WARN_DOCUMENTATION_COMMENTS = YES;
				CLANG_WARN_EMPTY_BODY = YES;
				CLANG_WARN_ENUM_CONVERSION = YES;
				CLANG_WARN_INFINITE_RECURSION = YES;
				CLANG_WARN_INT_CONVERSION = YES;
				CLANG_WARN_NON_LITERAL_NULL_CONVERSION = YES;
				CLANG_WARN_OBJC_IMPLICIT_RETAIN_SELF = YES;
				CLANG_WARN_OBJC_LITERAL_CONVERSION = YES;
				CLANG_WARN_OBJC_ROOT_CLASS = YES_ERROR;
				CLANG_WARN_RANGE_LOOP_ANALYSIS = YES;
				CLANG_WARN_STRICT_PROTOTYPES = YES;
				CLANG_WARN_SUSPICIOUS_MOVE = YES;
				CLANG_WARN_UNGUARDED_AVAILABILITY = YES_AGGRESSIVE;
				CLANG_WARN_UNREACHABLE_CODE = YES;
				CLANG_WARN__DUPLICATE_METHOD_MATCH = YES;
				COPY_PHASE_STRIP = NO;
				DEBUG_INFORMATION_FORMAT = "dwarf-with-dsym";
				ENABLE_NS_ASSERTIONS = NO;
				ENABLE_STRICT_OBJC_MSGSEND = YES;
				GCC_C_LANGUAGE_STANDARD = gnu11;
				GCC_NO_COMMON_BLOCKS = YES;
				GCC_WARN_64_TO_32_BIT_CONVERSION = YES;
				GCC_WARN_ABOUT_RETURN_TYPE = YES_ERROR;
				GCC_WARN_UNDECLARED_SELECTOR = YES;
				GCC_WARN_UNINITIALIZED_AUTOS = YES_AGGRESSIVE;
				GCC_WARN_UNUSED_FUNCTION = YES;
				GCC_WARN_UNUSED_VARIABLE = YES;
				MACOSX_DEPLOYMENT_TARGET = 10.15;
				MTL_ENABLE_DEBUG_INFO = NO;
				MTL_FAST_MATH = YES;
				SDKROOT = macosx;
				SWIFT_COMPILATION_MODE = wholemodule;
				SWIFT_OPTIMIZATION_LEVEL = "-O";
			};
			name = Release;
		};
		6ACFE3E623BDFE25006A60B3 /* Debug */ = {
			isa = XCBuildConfiguration;
			buildSettings = {
				ASSETCATALOG_COMPILER_APPICON_NAME = AppIcon;
				CODE_SIGN_ENTITLEMENTS = EasyTest/EasyTest.entitlements;
				CODE_SIGN_STYLE = Automatic;
				COMBINE_HIDPI_IMAGES = YES;
				INFOPLIST_FILE = EasyTest/Info.plist;
				LD_RUNPATH_SEARCH_PATHS = (
					"$(inherited)",
					"@executable_path/../Frameworks",
				);
				PRODUCT_BUNDLE_IDENTIFIER = com.ekko.EasyTest;
				PRODUCT_NAME = "$(TARGET_NAME)";
				SWIFT_VERSION = 5.0;
			};
			name = Debug;
		};
		6ACFE3E723BDFE25006A60B3 /* Release */ = {
			isa = XCBuildConfiguration;
			buildSettings = {
				ASSETCATALOG_COMPILER_APPICON_NAME = AppIcon;
				CODE_SIGN_ENTITLEMENTS = EasyTest/EasyTest.entitlements;
				CODE_SIGN_STYLE = Automatic;
				COMBINE_HIDPI_IMAGES = YES;
				INFOPLIST_FILE = EasyTest/Info.plist;
				LD_RUNPATH_SEARCH_PATHS = (
					"$(inherited)",
					"@executable_path/../Frameworks",
				);
				PRODUCT_BUNDLE_IDENTIFIER = com.ekko.EasyTest;
				PRODUCT_NAME = "$(TARGET_NAME)";
				SWIFT_VERSION = 5.0;
			};
			name = Release;
		};
/* End XCBuildConfiguration section */

/* Begin XCConfigurationList section */
		6ACFE3D023BDFE23006A60B3 /* Build configuration list for PBXProject "EasyTest" */ = {
			isa = XCConfigurationList;
			buildConfigurations = (
				6ACFE3E323BDFE25006A60B3 /* Debug */,
				6ACFE3E423BDFE25006A60B3 /* Release */,
			);
			defaultConfigurationIsVisible = 0;
			defaultConfigurationName = Release;
		};
		6ACFE3E523BDFE25006A60B3 /* Build configuration list for PBXNativeTarget "EasyTest" */ = {
			isa = XCConfigurationList;
			buildConfigurations = (
				6ACFE3E623BDFE25006A60B3 /* Debug */,
				6ACFE3E723BDFE25006A60B3 /* Release */,
			);
			defaultConfigurationIsVisible = 0;
			defaultConfigurationName = Release;
		};
/* End XCConfigurationList section */
	};
	rootObject = 6ACFE3CD23BDFE23006A60B3 /* Project object */;
}
