// !$*UTF8*$!
{
	archiveVersion = 1;
	classes = {
	};
	objectVersion = 50;
	objects = {

/* Begin PBXBuildFile section */
		6A5FA85523A8E1C50008383D /* AppDelegate.swift in Sources */ = {isa = PBXBuildFile; fileRef = 6A5FA85423A8E1C50008383D /* AppDelegate.swift */; };
		6A5FA85723A8E1C50008383D /* ViewController.swift in Sources */ = {isa = PBXBuildFile; fileRef = 6A5FA85623A8E1C50008383D /* ViewController.swift */; };
		6A5FA85923A8E1C50008383D /* Document.swift in Sources */ = {isa = PBXBuildFile; fileRef = 6A5FA85823A8E1C50008383D /* Document.swift */; };
		6A5FA85B23A8E1C50008383D /* Assets.xcassets in Resources */ = {isa = PBXBuildFile; fileRef = 6A5FA85A23A8E1C50008383D /* Assets.xcassets */; };
		6A5FA85E23A8E1C50008383D /* Main.storyboard in Resources */ = {isa = PBXBuildFile; fileRef = 6A5FA85C23A8E1C50008383D /* Main.storyboard */; };
		6A5FA86723A8E1E00008383D /* PersonProfile.swift in Sources */ = {isa = PBXBuildFile; fileRef = 6A5FA86623A8E1E00008383D /* PersonProfile.swift */; };
/* End PBXBuildFile section */

/* Begin PBXFileReference section */
		6A5FA85123A8E1C50008383D /* PersonProfileDoc.app */ = {isa = PBXFileReference; explicitFileType = wrapper.application; includeInIndex = 0; path = PersonProfileDoc.app; sourceTree = BUILT_PRODUCTS_DIR; };
		6A5FA85423A8E1C50008383D /* AppDelegate.swift */ = {isa = PBXFileReference; lastKnownFileType = sourcecode.swift; path = AppDelegate.swift; sourceTree = "<group>"; };
		6A5FA85623A8E1C50008383D /* ViewController.swift */ = {isa = PBXFileReference; lastKnownFileType = sourcecode.swift; path = ViewController.swift; sourceTree = "<group>"; };
		6A5FA85823A8E1C50008383D /* Document.swift */ = {isa = PBXFileReference; lastKnownFileType = sourcecode.swift; path = Document.swift; sourceTree = "<group>"; };
		6A5FA85A23A8E1C50008383D /* Assets.xcassets */ = {isa = PBXFileReference; lastKnownFileType = folder.assetcatalog; path = Assets.xcassets; sourceTree = "<group>"; };
		6A5FA85D23A8E1C50008383D /* Base */ = {isa = PBXFileReference; lastKnownFileType = file.storyboard; name = Base; path = Base.lproj/Main.storyboard; sourceTree = "<group>"; };
		6A5FA85F23A8E1C50008383D /* Info.plist */ = {isa = PBXFileReference; lastKnownFileType = text.plist.xml; path = Info.plist; sourceTree = "<group>"; };
		6A5FA86023A8E1C50008383D /* PersonProfileDoc.entitlements */ = {isa = PBXFileReference; lastKnownFileType = text.plist.entitlements; path = PersonProfileDoc.entitlements; sourceTree = "<group>"; };
		6A5FA86623A8E1E00008383D /* PersonProfile.swift */ = {isa = PBXFileReference; lastKnownFileType = sourcecode.swift; path = PersonProfile.swift; sourceTree = "<group>"; };
/* End PBXFileReference section */

/* Begin PBXFrameworksBuildPhase section */
		6A5FA84E23A8E1C50008383D /* Frameworks */ = {
			isa = PBXFrameworksBuildPhase;
			buildActionMask = 2147483647;
			files = (
			);
			runOnlyForDeploymentPostprocessing = 0;
		};
/* End PBXFrameworksBuildPhase section */

/* Begin PBXGroup section */
		6A5FA84823A8E1C50008383D = {
			isa = PBXGroup;
			children = (
				6A5FA85323A8E1C50008383D /* PersonProfileDoc */,
				6A5FA85223A8E1C50008383D /* Products */,
			);
			sourceTree = "<group>";
		};
		6A5FA85223A8E1C50008383D /* Products */ = {
			isa = PBXGroup;
			children = (
				6A5FA85123A8E1C50008383D /* PersonProfileDoc.app */,
			);
			name = Products;
			sourceTree = "<group>";
		};
		6A5FA85323A8E1C50008383D /* PersonProfileDoc */ = {
			isa = PBXGroup;
			children = (
				6A5FA85423A8E1C50008383D /* AppDelegate.swift */,
				6A5FA85623A8E1C50008383D /* ViewController.swift */,
				6A5FA85823A8E1C50008383D /* Document.swift */,
				6A5FA86623A8E1E00008383D /* PersonProfile.swift */,
				6A5FA85A23A8E1C50008383D /* Assets.xcassets */,
				6A5FA85C23A8E1C50008383D /* Main.storyboard */,
				6A5FA85F23A8E1C50008383D /* Info.plist */,
				6A5FA86023A8E1C50008383D /* PersonProfileDoc.entitlements */,
			);
			path = PersonProfileDoc;
			sourceTree = "<group>";
		};
/* End PBXGroup section */

/* Begin PBXNativeTarget section */
		6A5FA85023A8E1C50008383D /* PersonProfileDoc */ = {
			isa = PBXNativeTarget;
			buildConfigurationList = 6A5FA86323A8E1C50008383D /* Build configuration list for PBXNativeTarget "PersonProfileDoc" */;
			buildPhases = (
				6A5FA84D23A8E1C50008383D /* Sources */,
				6A5FA84E23A8E1C50008383D /* Frameworks */,
				6A5FA84F23A8E1C50008383D /* Resources */,
			);
			buildRules = (
			);
			dependencies = (
			);
			name = PersonProfileDoc;
			productName = PersonProfileDoc;
			productReference = 6A5FA85123A8E1C50008383D /* PersonProfileDoc.app */;
			productType = "com.apple.product-type.application";
		};
/* End PBXNativeTarget section */

/* Begin PBXProject section */
		6A5FA84923A8E1C50008383D /* Project object */ = {
			isa = PBXProject;
			attributes = {
				LastSwiftUpdateCheck = 1130;
				LastUpgradeCheck = 1130;
				ORGANIZATIONNAME = Ekko;
				TargetAttributes = {
					6A5FA85023A8E1C50008383D = {
						CreatedOnToolsVersion = 11.3;
					};
				};
			};
			buildConfigurationList = 6A5FA84C23A8E1C50008383D /* Build configuration list for PBXProject "PersonProfileDoc" */;
			compatibilityVersion = "Xcode 9.3";
			developmentRegion = en;
			hasScannedForEncodings = 0;
			knownRegions = (
				en,
				Base,
			);
			mainGroup = 6A5FA84823A8E1C50008383D;
			productRefGroup = 6A5FA85223A8E1C50008383D /* Products */;
			projectDirPath = "";
			projectRoot = "";
			targets = (
				6A5FA85023A8E1C50008383D /* PersonProfileDoc */,
			);
		};
/* End PBXProject section */

/* Begin PBXResourcesBuildPhase section */
		6A5FA84F23A8E1C50008383D /* Resources */ = {
			isa = PBXResourcesBuildPhase;
			buildActionMask = 2147483647;
			files = (
				6A5FA85B23A8E1C50008383D /* Assets.xcassets in Resources */,
				6A5FA85E23A8E1C50008383D /* Main.storyboard in Resources */,
			);
			runOnlyForDeploymentPostprocessing = 0;
		};
/* End PBXResourcesBuildPhase section */

/* Begin PBXSourcesBuildPhase section */
		6A5FA84D23A8E1C50008383D /* Sources */ = {
			isa = PBXSourcesBuildPhase;
			buildActionMask = 2147483647;
			files = (
				6A5FA85723A8E1C50008383D /* ViewController.swift in Sources */,
				6A5FA85523A8E1C50008383D /* AppDelegate.swift in Sources */,
				6A5FA86723A8E1E00008383D /* PersonProfile.swift in Sources */,
				6A5FA85923A8E1C50008383D /* Document.swift in Sources */,
			);
			runOnlyForDeploymentPostprocessing = 0;
		};
/* End PBXSourcesBuildPhase section */

/* Begin PBXVariantGroup section */
		6A5FA85C23A8E1C50008383D /* Main.storyboard */ = {
			isa = PBXVariantGroup;
			children = (
				6A5FA85D23A8E1C50008383D /* Base */,
			);
			name = Main.storyboard;
			sourceTree = "<group>";
		};
/* End PBXVariantGroup section */

/* Begin XCBuildConfiguration section */
		6A5FA86123A8E1C50008383D /* Debug */ = {
			isa = XCBuildConfiguration;
			buildSettings = {
				ALWAYS_SEARCH_USER_PATHS = NO;
				CLANG_ANALYZER_NONNULL = YES;
				CLANG_ANALYZER_NUMBER_OBJECT_CONVERSION = YES_AGGRESSIVE;
				CLANG_CXX_LANGUAGE_STANDARD = "gnu++14";
				CLANG_CXX_LIBRARY = "libc++";
				CLANG_ENABLE_MODULES = YES;
				CLANG_ENABLE_OBJC_ARC = YES;
				CLANG_ENABLE_OBJC_WEAK = YES;
				CLANG_WARN_BLOCK_CAPTURE_AUTORELEASING = YES;
				CLANG_WARN_BOOL_CONVERSION = YES;
				CLANG_WARN_COMMA = YES;
				CLANG_WARN_CONSTANT_CONVERSION = YES;
				CLANG_WARN_DEPRECATED_OBJC_IMPLEMENTATIONS = YES;
				CLANG_WARN_DIRECT_OBJC_ISA_USAGE = YES_ERROR;
				CLANG_WARN_DOCUMENTATION_COMMENTS = YES;
				CLANG_WARN_EMPTY_BODY = YES;
				CLANG_WARN_ENUM_CONVERSION = YES;
				CLANG_WARN_INFINITE_RECURSION = YES;
				CLANG_WARN_INT_CONVERSION = YES;
				CLANG_WARN_NON_LITERAL_NULL_CONVERSION = YES;
				CLANG_WARN_OBJC_IMPLICIT_RETAIN_SELF = YES;
				CLANG_WARN_OBJC_LITERAL_CONVERSION = YES;
				CLANG_WARN_OBJC_ROOT_CLASS = YES_ERROR;
				CLANG_WARN_RANGE_LOOP_ANALYSIS = YES;
				CLANG_WARN_STRICT_PROTOTYPES = YES;
				CLANG_WARN_SUSPICIOUS_MOVE = YES;
				CLANG_WARN_UNGUARDED_AVAILABILITY = YES_AGGRESSIVE;
				CLANG_WARN_UNREACHABLE_CODE = YES;
				CLANG_WARN__DUPLICATE_METHOD_MATCH = YES;
				COPY_PHASE_STRIP = NO;
				DEBUG_INFORMATION_FORMAT = dwarf;
				ENABLE_STRICT_OBJC_MSGSEND = YES;
				ENABLE_TESTABILITY = YES;
				GCC_C_LANGUAGE_STANDARD = gnu11;
				GCC_DYNAMIC_NO_PIC = NO;
				GCC_NO_COMMON_BLOCKS = YES;
				GCC_OPTIMIZATION_LEVEL = 0;
				GCC_PREPROCESSOR_DEFINITIONS = (
					"DEBUG=1",
					"$(inherited)",
				);
				GCC_WARN_64_TO_32_BIT_CONVERSION = YES;
				GCC_WARN_ABOUT_RETURN_TYPE = YES_ERROR;
				GCC_WARN_UNDECLARED_SELECTOR = YES;
				GCC_WARN_UNINITIALIZED_AUTOS = YES_AGGRESSIVE;
				GCC_WARN_UNUSED_FUNCTION = YES;
				GCC_WARN_UNUSED_VARIABLE = YES;
				MACOSX_DEPLOYMENT_TARGET = 10.15;
				MTL_ENABLE_DEBUG_INFO = INCLUDE_SOURCE;
				MTL_FAST_MATH = YES;
				ONLY_ACTIVE_ARCH = YES;
				SDKROOT = macosx;
				SWIFT_ACTIVE_COMPILATION_CONDITIONS = DEBUG;
				SWIFT_OPTIMIZATION_LEVEL = "-Onone";
			};
			name = Debug;
		};
		6A5FA86223A8E1C50008383D /* Release */ = {
			isa = XCBuildConfiguration;
			buildSettings = {
				ALWAYS_SEARCH_USER_PATHS = NO;
				CLANG_ANALYZER_NONNULL = YES;
				CLANG_ANALYZER_NUMBER_OBJECT_CONVERSION = YES_AGGRESSIVE;
				CLANG_CXX_LANGUAGE_STANDARD = "gnu++14";
				CLANG_CXX_LIBRARY = "libc++";
				CLANG_ENABLE_MODULES = YES;
				CLANG_ENABLE_OBJC_ARC = YES;
				CLANG_ENABLE_OBJC_WEAK = YES;
				CLANG_WARN_BLOCK_CAPTURE_AUTORELEASING = YES;
				CLANG_WARN_BOOL_CONVERSION = YES;
				CLANG_WARN_COMMA = YES;
				CLANG_WARN_CONSTANT_CONVERSION = YES;
				CLANG_WARN_DEPRECATED_OBJC_IMPLEMENTATIONS = YES;
				CLANG_WARN_DIRECT_OBJC_ISA_USAGE = YES_ERROR;
				CLANG_WARN_DOCUMENTATION_COMMENTS = YES;
				CLANG_WARN_EMPTY_BODY = YES;
				CLANG_WARN_ENUM_CONVERSION = YES;
				CLANG_WARN_INFINITE_RECURSION = YES;
				CLANG_WARN_INT_CONVERSION = YES;
				CLANG_WARN_NON_LITERAL_NULL_CONVERSION = YES;
				CLANG_WARN_OBJC_IMPLICIT_RETAIN_SELF = YES;
				CLANG_WARN_OBJC_LITERAL_CONVERSION = YES;
				CLANG_WARN_OBJC_ROOT_CLASS = YES_ERROR;
				CLANG_WARN_RANGE_LOOP_ANALYSIS = YES;
				CLANG_WARN_STRICT_PROTOTYPES = YES;
				CLANG_WARN_SUSPICIOUS_MOVE = YES;
				CLANG_WARN_UNGUARDED_AVAILABILITY = YES_AGGRESSIVE;
				CLANG_WARN_UNREACHABLE_CODE = YES;
				CLANG_WARN__DUPLICATE_METHOD_MATCH = YES;
				COPY_PHASE_STRIP = NO;
				DEBUG_INFORMATION_FORMAT = "dwarf-with-dsym";
				ENABLE_NS_ASSERTIONS = NO;
				ENABLE_STRICT_OBJC_MSGSEND = YES;
				GCC_C_LANGUAGE_STANDARD = gnu11;
				GCC_NO_COMMON_BLOCKS = YES;
				GCC_WARN_64_TO_32_BIT_CONVERSION = YES;
				GCC_WARN_ABOUT_RETURN_TYPE = YES_ERROR;
				GCC_WARN_UNDECLARED_SELECTOR = YES;
				GCC_WARN_UNINITIALIZED_AUTOS = YES_AGGRESSIVE;
				GCC_WARN_UNUSED_FUNCTION = YES;
				GCC_WARN_UNUSED_VARIABLE = YES;
				MACOSX_DEPLOYMENT_TARGET = 10.15;
				MTL_ENABLE_DEBUG_INFO = NO;
				MTL_FAST_MATH = YES;
				SDKROOT = macosx;
				SWIFT_COMPILATION_MODE = wholemodule;
				SWIFT_OPTIMIZATION_LEVEL = "-O";
			};
			name = Release;
		};
		6A5FA86423A8E1C50008383D /* Debug */ = {
			isa = XCBuildConfiguration;
			buildSettings = {
				ASSETCATALOG_COMPILER_APPICON_NAME = AppIcon;
				CODE_SIGN_ENTITLEMENTS = PersonProfileDoc/PersonProfileDoc.entitlements;
				CODE_SIGN_STYLE = Automatic;
				COMBINE_HIDPI_IMAGES = YES;
				INFOPLIST_FILE = PersonProfileDoc/Info.plist;
				LD_RUNPATH_SEARCH_PATHS = (
					"$(inherited)",
					"@executable_path/../Frameworks",
				);
				PRODUCT_BUNDLE_IDENTIFIER = com.ekko.PersonProfileDoc;
				PRODUCT_NAME = "$(TARGET_NAME)";
				SWIFT_VERSION = 5.0;
			};
			name = Debug;
		};
		6A5FA86523A8E1C50008383D /* Release */ = {
			isa = XCBuildConfiguration;
			buildSettings = {
				ASSETCATALOG_COMPILER_APPICON_NAME = AppIcon;
				CODE_SIGN_ENTITLEMENTS = PersonProfileDoc/PersonProfileDoc.entitlements;
				CODE_SIGN_STYLE = Automatic;
				COMBINE_HIDPI_IMAGES = YES;
				INFOPLIST_FILE = PersonProfileDoc/Info.plist;
				LD_RUNPATH_SEARCH_PATHS = (
					"$(inherited)",
					"@executable_path/../Frameworks",
				);
				PRODUCT_BUNDLE_IDENTIFIER = com.ekko.PersonProfileDoc;
				PRODUCT_NAME = "$(TARGET_NAME)";
				SWIFT_VERSION = 5.0;
			};
			name = Release;
		};
/* End XCBuildConfiguration section */

/* Begin XCConfigurationList section */
		6A5FA84C23A8E1C50008383D /* Build configuration list for PBXProject "PersonProfileDoc" */ = {
			isa = XCConfigurationList;
			buildConfigurations = (
				6A5FA86123A8E1C50008383D /* Debug */,
				6A5FA86223A8E1C50008383D /* Release */,
			);
			defaultConfigurationIsVisible = 0;
			defaultConfigurationName = Release;
		};
		6A5FA86323A8E1C50008383D /* Build configuration list for PBXNativeTarget "PersonProfileDoc" */ = {
			isa = XCConfigurationList;
			buildConfigurations = (
				6A5FA86423A8E1C50008383D /* Debug */,
				6A5FA86523A8E1C50008383D /* Release */,
			);
			defaultConfigurationIsVisible = 0;
			defaultConfigurationName = Release;
		};
/* End XCConfigurationList section */
	};
	rootObject = 6A5FA84923A8E1C50008383D /* Project object */;
}
